
Microsoft Visual Studio Solution File, Format Version 12.00
# Visual Studio Version 16
VisualStudioVersion = 16.0.31911.196
MinimumVisualStudioVersion = 10.0.40219.1
Project("{9A19103F-16F7-4668-BE54-9A1E7A4F7556}") = "ScriptRunner", "ScriptRunner\ScriptRunner.csproj", "{067000F2-098C-4C6C-916F-7AC7BB7FFCD0}"
EndProject
Global
	GlobalSection(SharedMSBuildProjectFiles) = preSolution
		..\.Net\Common\Common.projitems*{067000f2-098c-4c6c-916f-7ac7bb7ffcd0}*SharedItemsImports = 5
	EndGlobalSection
	GlobalSection(SolutionConfigurationPlatforms) = preSolution
		Debug|Any CPU = Debug|Any CPU
		Release|Any CPU = Release|Any CPU
	EndGlobalSection
	GlobalSection(ProjectConfigurationPlatforms) = postSolution
		{067000F2-098C-4C6C-916F-7AC7BB7FFCD0}.Debug|Any CPU.ActiveCfg = Debug|Any CPU
		{067000F2-098C-4C6C-916F-7AC7BB7FFCD0}.Debug|Any CPU.Build.0 = Debug|Any CPU
		{067000F2-098C-4C6C-916F-7AC7BB7FFCD0}.Release|Any CPU.ActiveCfg = Release|Any CPU
		{067000F2-098C-4C6C-916F-7AC7BB7FFCD0}.Release|Any CPU.Build.0 = Release|Any CPU
	EndGlobalSection
	GlobalSection(SolutionProperties) = preSolution
		HideSolutionNode = FALSE
	EndGlobalSection
	GlobalSection(ExtensibilityGlobals) = postSolution
		SolutionGuid = {3D5CC0A5-35FE-477A-BDEA-3621512F1D2F}
	EndGlobalSection
EndGlobal
