
Microsoft Visual Studio Solution File, Format Version 12.00
# Visual Studio Version 16
VisualStudioVersion = 16.0.31729.503
MinimumVisualStudioVersion = 10.0.40219.1
Project("{9A19103F-16F7-4668-BE54-9A1E7A4F7556}") = "MSTR.PerformanceTesting.Core", "MSTR.PerformanceTesting.Core\MSTR.PerformanceTesting.Core.csproj", "{AA4E53E7-4B9D-47B5-BAF7-142B9867D4CC}"
EndProject
Project("{9A19103F-16F7-4668-BE54-9A1E7A4F7556}") = "MSTR.PerformanceTesting.Definitions", "MSTR.PerformanceTesting.Definitions\MSTR.PerformanceTesting.Definitions.csproj", "{9E48FEEF-5E29-432C-BC79-49D87862D745}"
EndProject
Project("{9A19103F-16F7-4668-BE54-9A1E7A4F7556}") = "MSTR.PerformanceTesting.ViewLayer", "MSTR.PerformanceTesting.ViewLayer\MSTR.PerformanceTesting.ViewLayer.csproj", "{779744D0-4685-4574-BEBC-662C7F55DBE1}"
EndProject
Global
	GlobalSection(SolutionConfigurationPlatforms) = preSolution
		Debug|Any CPU = Debug|Any CPU
		Release|Any CPU = Release|Any CPU
	EndGlobalSection
	GlobalSection(ProjectConfigurationPlatforms) = postSolution
		{AA4E53E7-4B9D-47B5-BAF7-142B9867D4CC}.Debug|Any CPU.ActiveCfg = Debug|Any CPU
		{AA4E53E7-4B9D-47B5-BAF7-142B9867D4CC}.Debug|Any CPU.Build.0 = Debug|Any CPU
		{AA4E53E7-4B9D-47B5-BAF7-142B9867D4CC}.Release|Any CPU.ActiveCfg = Release|Any CPU
		{AA4E53E7-4B9D-47B5-BAF7-142B9867D4CC}.Release|Any CPU.Build.0 = Release|Any CPU
		{9E48FEEF-5E29-432C-BC79-49D87862D745}.Debug|Any CPU.ActiveCfg = Debug|Any CPU
		{9E48FEEF-5E29-432C-BC79-49D87862D745}.Debug|Any CPU.Build.0 = Debug|Any CPU
		{9E48FEEF-5E29-432C-BC79-49D87862D745}.Release|Any CPU.ActiveCfg = Release|Any CPU
		{9E48FEEF-5E29-432C-BC79-49D87862D745}.Release|Any CPU.Build.0 = Release|Any CPU
		{779744D0-4685-4574-BEBC-662C7F55DBE1}.Debug|Any CPU.ActiveCfg = Debug|Any CPU
		{779744D0-4685-4574-BEBC-662C7F55DBE1}.Debug|Any CPU.Build.0 = Debug|Any CPU
		{779744D0-4685-4574-BEBC-662C7F55DBE1}.Release|Any CPU.ActiveCfg = Release|Any CPU
		{779744D0-4685-4574-BEBC-662C7F55DBE1}.Release|Any CPU.Build.0 = Release|Any CPU
	EndGlobalSection
	GlobalSection(SolutionProperties) = preSolution
		HideSolutionNode = FALSE
	EndGlobalSection
	GlobalSection(ExtensibilityGlobals) = postSolution
		SolutionGuid = {1C6BF3F4-7195-49C7-BC31-8B9EED5702E0}
	EndGlobalSection
EndGlobal
